
Microsoft Visual Studio Solution File, Format Version 12.00
# Visual Studio Version 17
VisualStudioVersion = 17.7.34031.279
MinimumVisualStudioVersion = 10.0.40219.1
Project("{FAE04EC0-301F-11D3-BF4B-00C04F79EFBC}") = "HM_Proyecto1P4", "HM_Proyecto1P4.csproj", "{66BD38BA-0DC3-4904-A588-9A3209D8AD87}"
EndProject
Global
	GlobalSection(SolutionConfigurationPlatforms) = preSolution
		Debug|Any CPU = Debug|Any CPU
		Release|Any CPU = Release|Any CPU
	EndGlobalSection
	GlobalSection(ProjectConfigurationPlatforms) = postSolution
		{66BD38BA-0DC3-4904-A588-9A3209D8AD87}.Debug|Any CPU.ActiveCfg = Debug|Any CPU
		{66BD38BA-0DC3-4904-A588-9A3209D8AD87}.Debug|Any CPU.Build.0 = Debug|Any CPU
		{66BD38BA-0DC3-4904-A588-9A3209D8AD87}.Release|Any CPU.ActiveCfg = Release|Any CPU
		{66BD38BA-0DC3-4904-A588-9A3209D8AD87}.Release|Any CPU.Build.0 = Release|Any CPU
	EndGlobalSection
	GlobalSection(SolutionProperties) = preSolution
		HideSolutionNode = FALSE
	EndGlobalSection
	GlobalSection(ExtensibilityGlobals) = postSolution
		SolutionGuid = {09B5246E-7F6D-40F5-BA5D-D4B2ED4D00AF}
	EndGlobalSection
EndGlobal
